// !$*UTF8*$!
{
	archiveVersion = 1;
	classes = {
	};
	objectVersion = 46;
	objects = {

/* Begin PBXBuildFile section */
		2F178CF414F5E207006CFDF7 /* UIKit.framework in Frameworks */ = {isa = PBXBuildFile; fileRef = 2F178CF314F5E207006CFDF7 /* UIKit.framework */; };
		2F178CF614F5E207006CFDF7 /* Foundation.framework in Frameworks */ = {isa = PBXBuildFile; fileRef = 2F178CF514F5E207006CFDF7 /* Foundation.framework */; };
		2F178CF814F5E207006CFDF7 /* CoreGraphics.framework in Frameworks */ = {isa = PBXBuildFile; fileRef = 2F178CF714F5E207006CFDF7 /* CoreGraphics.framework */; };
		2F178D1A14F5E25A006CFDF7 /* AppDelegate.m in Sources */ = {isa = PBXBuildFile; fileRef = 2F178D1514F5E259006CFDF7 /* AppDelegate.m */; };
		2F178D2214F5E25E006CFDF7 /* InfoPlist.strings in Resources */ = {isa = PBXBuildFile; fileRef = 2F178D1E14F5E25E006CFDF7 /* InfoPlist.strings */; };
		2F178D2314F5E25E006CFDF7 /* MainStoryboard.storyboard in Resources */ = {isa = PBXBuildFile; fileRef = 2F178D2014F5E25E006CFDF7 /* MainStoryboard.storyboard */; };
		2F178D2914F5E274006CFDF7 /* main.m in Sources */ = {isa = PBXBuildFile; fileRef = 2F178D2714F5E274006CFDF7 /* main.m */; };
		2F178D2D14F5E81F006CFDF7 /* Gauge.m in Sources */ = {isa = PBXBuildFile; fileRef = 2F178D2C14F5E81F006CFDF7 /* Gauge.m */; };
		2F178D3014F5EB8C006CFDF7 /* DatedViewSummary.m in Sources */ = {isa = PBXBuildFile; fileRef = 2F178D2F14F5EB8C006CFDF7 /* DatedViewSummary.m */; };
		2F178D3914F5F1B1006CFDF7 /* GaugesListViewController.m in Sources */ = {isa = PBXBuildFile; fileRef = 2F178D3814F5F1B1006CFDF7 /* GaugesListViewController.m */; };
		2F178D4314F5FE30006CFDF7 /* GaugeDetailViewController.m in Sources */ = {isa = PBXBuildFile; fileRef = 2F178D4214F5FE30006CFDF7 /* GaugeDetailViewController.m */; };
		2F178D4714F600D3006CFDF7 /* GaugeCell.m in Sources */ = {isa = PBXBuildFile; fileRef = 2F178D4614F600D3006CFDF7 /* GaugeCell.m */; };
		2F178D4E14F60939006CFDF7 /* table_cell_bg.png in Resources */ = {isa = PBXBuildFile; fileRef = 2F178D4C14F60939006CFDF7 /* table_cell_bg.png */; };
		2F178D4F14F60939006CFDF7 /* table_cell_bg@2x.png in Resources */ = {isa = PBXBuildFile; fileRef = 2F178D4D14F60939006CFDF7 /* table_cell_bg@2x.png */; };
		2F178D5714F60CF7006CFDF7 /* nav_bar_bg.png in Resources */ = {isa = PBXBuildFile; fileRef = 2F178D5514F60CF7006CFDF7 /* nav_bar_bg.png */; };
		2F178D5814F60CF7006CFDF7 /* nav_bar_bg@2x.png in Resources */ = {isa = PBXBuildFile; fileRef = 2F178D5614F60CF7006CFDF7 /* nav_bar_bg@2x.png */; };
		2F178D5B14F60E73006CFDF7 /* black_linen_v2.png in Resources */ = {isa = PBXBuildFile; fileRef = 2F178D5914F60E73006CFDF7 /* black_linen_v2.png */; };
		2F178D5C14F60E73006CFDF7 /* black_linen_v2@2x.png in Resources */ = {isa = PBXBuildFile; fileRef = 2F178D5A14F60E73006CFDF7 /* black_linen_v2@2x.png */; };
		2F178D6914F60F6E006CFDF7 /* tab_button_content_active.png in Resources */ = {isa = PBXBuildFile; fileRef = 2F178D5D14F60F6D006CFDF7 /* tab_button_content_active.png */; };
		2F178D6A14F60F6E006CFDF7 /* tab_button_content_active@2x.png in Resources */ = {isa = PBXBuildFile; fileRef = 2F178D5E14F60F6D006CFDF7 /* tab_button_content_active@2x.png */; };
		2F178D6B14F60F6E006CFDF7 /* tab_button_content.png in Resources */ = {isa = PBXBuildFile; fileRef = 2F178D5F14F60F6D006CFDF7 /* tab_button_content.png */; };
		2F178D6C14F60F6E006CFDF7 /* tab_button_content@2x.png in Resources */ = {isa = PBXBuildFile; fileRef = 2F178D6014F60F6D006CFDF7 /* tab_button_content@2x.png */; };
		2F178D6D14F60F6E006CFDF7 /* tab_button_referrers_active.png in Resources */ = {isa = PBXBuildFile; fileRef = 2F178D6114F60F6D006CFDF7 /* tab_button_referrers_active.png */; };
		2F178D6E14F60F6E006CFDF7 /* tab_button_referrers_active@2x.png in Resources */ = {isa = PBXBuildFile; fileRef = 2F178D6214F60F6D006CFDF7 /* tab_button_referrers_active@2x.png */; };
		2F178D6F14F60F6E006CFDF7 /* tab_button_referrers.png in Resources */ = {isa = PBXBuildFile; fileRef = 2F178D6314F60F6D006CFDF7 /* tab_button_referrers.png */; };
		2F178D7014F60F6E006CFDF7 /* tab_button_referrers@2x.png in Resources */ = {isa = PBXBuildFile; fileRef = 2F178D6414F60F6D006CFDF7 /* tab_button_referrers@2x.png */; };
		2F178D7114F60F6E006CFDF7 /* tab_button_traffic_active.png in Resources */ = {isa = PBXBuildFile; fileRef = 2F178D6514F60F6D006CFDF7 /* tab_button_traffic_active.png */; };
		2F178D7214F60F6E006CFDF7 /* tab_button_traffic_active@2x.png in Resources */ = {isa = PBXBuildFile; fileRef = 2F178D6614F60F6D006CFDF7 /* tab_button_traffic_active@2x.png */; };
		2F178D7314F60F6E006CFDF7 /* tab_button_traffic.png in Resources */ = {isa = PBXBuildFile; fileRef = 2F178D6714F60F6E006CFDF7 /* tab_button_traffic.png */; };
		2F178D7414F60F6E006CFDF7 /* tab_button_traffic@2x.png in Resources */ = {isa = PBXBuildFile; fileRef = 2F178D6814F60F6E006CFDF7 /* tab_button_traffic@2x.png */; };
		2F178D7714F6108A006CFDF7 /* indicator.png in Resources */ = {isa = PBXBuildFile; fileRef = 2F178D7514F6108A006CFDF7 /* indicator.png */; };
		2F178D7814F6108A006CFDF7 /* indicator@2x.png in Resources */ = {isa = PBXBuildFile; fileRef = 2F178D7614F6108A006CFDF7 /* indicator@2x.png */; };
		2F178D7A14F61237006CFDF7 /* blue@2x.png in Resources */ = {isa = PBXBuildFile; fileRef = 2F178D7914F61237006CFDF7 /* blue@2x.png */; };
		2F178D7C14F6123E006CFDF7 /* shadow_bottom@2x.png in Resources */ = {isa = PBXBuildFile; fileRef = 2F178D7B14F6123E006CFDF7 /* shadow_bottom@2x.png */; };
		2F178D7F14F6172C006CFDF7 /* white.png in Resources */ = {isa = PBXBuildFile; fileRef = 2F178D7D14F6172C006CFDF7 /* white.png */; };
		2F178D8014F6172C006CFDF7 /* white@2x.png in Resources */ = {isa = PBXBuildFile; fileRef = 2F178D7E14F6172C006CFDF7 /* white@2x.png */; };
		2FAB9D9D150AEF5B005D8D2F /* ReferrerCell.m in Sources */ = {isa = PBXBuildFile; fileRef = 2FAB9D9C150AEF5B005D8D2F /* ReferrerCell.m */; };
		2FAB9DA8150AF330005D8D2F /* icon_back@2x.png in Resources */ = {isa = PBXBuildFile; fileRef = 2FAB9DA3150AF330005D8D2F /* icon_back@2x.png */; };
		2FAB9DA9150AF330005D8D2F /* icon_forward_active@2x.png in Resources */ = {isa = PBXBuildFile; fileRef = 2FAB9DA4150AF330005D8D2F /* icon_forward_active@2x.png */; };
		2FAB9DAA150AF330005D8D2F /* icon_forward@2x.png in Resources */ = {isa = PBXBuildFile; fileRef = 2FAB9DA5150AF330005D8D2F /* icon_forward@2x.png */; };
		2FAB9DAB150AF330005D8D2F /* icon_safari_active@2x.png in Resources */ = {isa = PBXBuildFile; fileRef = 2FAB9DA6150AF330005D8D2F /* icon_safari_active@2x.png */; };
		2FAB9DAC150AF330005D8D2F /* icon_safari@2x.png in Resources */ = {isa = PBXBuildFile; fileRef = 2FAB9DA7150AF330005D8D2F /* icon_safari@2x.png */; };
		2FAB9DB0150AF366005D8D2F /* toolbar.png in Resources */ = {isa = PBXBuildFile; fileRef = 2FAB9DAE150AF366005D8D2F /* toolbar.png */; };
		2FAB9DB1150AF366005D8D2F /* toolbar@2x.png in Resources */ = {isa = PBXBuildFile; fileRef = 2FAB9DAF150AF366005D8D2F /* toolbar@2x.png */; };
		2FAB9DB3150AF43C005D8D2F /* icon_back_active@2x.png in Resources */ = {isa = PBXBuildFile; fileRef = 2FAB9DB2150AF43C005D8D2F /* icon_back_active@2x.png */; };
		2FAB9DB6150AF4BF005D8D2F /* WebViewController.m in Sources */ = {isa = PBXBuildFile; fileRef = 2FAB9DB5150AF4BF005D8D2F /* WebViewController.m */; };
		2FB78BEE1509C8D60049AF6C /* TableManager.m in Sources */ = {isa = PBXBuildFile; fileRef = 2FB78BED1509C8D60049AF6C /* TableManager.m */; };
		2FB78BF11509C9700049AF6C /* TrafficTableManager.m in Sources */ = {isa = PBXBuildFile; fileRef = 2FB78BF01509C9700049AF6C /* TrafficTableManager.m */; };
		2FB78BF41509CECC0049AF6C /* ContentTableManager.m in Sources */ = {isa = PBXBuildFile; fileRef = 2FB78BF31509CECC0049AF6C /* ContentTableManager.m */; };
		2FB78BF71509D6860049AF6C /* PageContentCell.m in Sources */ = {isa = PBXBuildFile; fileRef = 2FB78BF61509D6860049AF6C /* PageContentCell.m */; };
		2FB78BFE1509DA230049AF6C /* ReferrersTableManager.m in Sources */ = {isa = PBXBuildFile; fileRef = 2FB78BFD1509DA230049AF6C /* ReferrersTableManager.m */; };
		2FB78C021509DB140049AF6C /* Referrer.m in Sources */ = {isa = PBXBuildFile; fileRef = 2FB78C011509DB140049AF6C /* Referrer.m */; };
		2FB881E914F7304C0092310C /* TrafficBarGraph.m in Sources */ = {isa = PBXBuildFile; fileRef = 2FB881E814F7304C0092310C /* TrafficBarGraph.m */; };
		2FE34E4A1508468200FA0B58 /* TrafficCell.m in Sources */ = {isa = PBXBuildFile; fileRef = 2FE34E491508468200FA0B58 /* TrafficCell.m */; };
		2FE34E4F15084C9A00FA0B58 /* NSDateFormatter+Additions.m in Sources */ = {isa = PBXBuildFile; fileRef = 2FE34E4E15084C9A00FA0B58 /* NSDateFormatter+Additions.m */; };
		2FE34E5615085C7500FA0B58 /* PageContent.m in Sources */ = {isa = PBXBuildFile; fileRef = 2FE34E5515085C7500FA0B58 /* PageContent.m */; };
/* End PBXBuildFile section */

/* Begin PBXFileReference section */
		2F178CEF14F5E207006CFDF7 /* GaugesTouch.app */ = {isa = PBXFileReference; explicitFileType = wrapper.application; includeInIndex = 0; path = GaugesTouch.app; sourceTree = BUILT_PRODUCTS_DIR; };
		2F178CF314F5E207006CFDF7 /* UIKit.framework */ = {isa = PBXFileReference; lastKnownFileType = wrapper.framework; name = UIKit.framework; path = System/Library/Frameworks/UIKit.framework; sourceTree = SDKROOT; };
		2F178CF514F5E207006CFDF7 /* Foundation.framework */ = {isa = PBXFileReference; lastKnownFileType = wrapper.framework; name = Foundation.framework; path = System/Library/Frameworks/Foundation.framework; sourceTree = SDKROOT; };
		2F178CF714F5E207006CFDF7 /* CoreGraphics.framework */ = {isa = PBXFileReference; lastKnownFileType = wrapper.framework; name = CoreGraphics.framework; path = System/Library/Frameworks/CoreGraphics.framework; sourceTree = SDKROOT; };
		2F178D1414F5E259006CFDF7 /* AppDelegate.h */ = {isa = PBXFileReference; fileEncoding = 4; lastKnownFileType = sourcecode.c.h; path = AppDelegate.h; sourceTree = "<group>"; };
		2F178D1514F5E259006CFDF7 /* AppDelegate.m */ = {isa = PBXFileReference; fileEncoding = 4; lastKnownFileType = sourcecode.c.objc; path = AppDelegate.m; sourceTree = "<group>"; };
		2F178D1F14F5E25E006CFDF7 /* en */ = {isa = PBXFileReference; lastKnownFileType = text.plist.strings; name = en; path = en.lproj/InfoPlist.strings; sourceTree = "<group>"; };
		2F178D2114F5E25E006CFDF7 /* en */ = {isa = PBXFileReference; lastKnownFileType = file.storyboard; name = en; path = en.lproj/MainStoryboard.storyboard; sourceTree = "<group>"; };
		2F178D2514F5E274006CFDF7 /* GaugesTouch-Info.plist */ = {isa = PBXFileReference; fileEncoding = 4; lastKnownFileType = text.plist.xml; path = "GaugesTouch-Info.plist"; sourceTree = "<group>"; };
		2F178D2614F5E274006CFDF7 /* GaugesTouch-Prefix.pch */ = {isa = PBXFileReference; fileEncoding = 4; lastKnownFileType = sourcecode.c.h; path = "GaugesTouch-Prefix.pch"; sourceTree = "<group>"; };
		2F178D2714F5E274006CFDF7 /* main.m */ = {isa = PBXFileReference; fileEncoding = 4; lastKnownFileType = sourcecode.c.objc; path = main.m; sourceTree = "<group>"; };
		2F178D2B14F5E81F006CFDF7 /* Gauge.h */ = {isa = PBXFileReference; fileEncoding = 4; lastKnownFileType = sourcecode.c.h; path = Gauge.h; sourceTree = "<group>"; };
		2F178D2C14F5E81F006CFDF7 /* Gauge.m */ = {isa = PBXFileReference; fileEncoding = 4; lastKnownFileType = sourcecode.c.objc; path = Gauge.m; sourceTree = "<group>"; };
		2F178D2E14F5EB8C006CFDF7 /* DatedViewSummary.h */ = {isa = PBXFileReference; fileEncoding = 4; lastKnownFileType = sourcecode.c.h; path = DatedViewSummary.h; sourceTree = "<group>"; };
		2F178D2F14F5EB8C006CFDF7 /* DatedViewSummary.m */ = {isa = PBXFileReference; fileEncoding = 4; lastKnownFileType = sourcecode.c.objc; path = DatedViewSummary.m; sourceTree = "<group>"; };
		2F178D3714F5F1B1006CFDF7 /* GaugesListViewController.h */ = {isa = PBXFileReference; fileEncoding = 4; lastKnownFileType = sourcecode.c.h; path = GaugesListViewController.h; sourceTree = "<group>"; };
		2F178D3814F5F1B1006CFDF7 /* GaugesListViewController.m */ = {isa = PBXFileReference; fileEncoding = 4; lastKnownFileType = sourcecode.c.objc; path = GaugesListViewController.m; sourceTree = "<group>"; };
		2F178D4114F5FE30006CFDF7 /* GaugeDetailViewController.h */ = {isa = PBXFileReference; fileEncoding = 4; lastKnownFileType = sourcecode.c.h; path = GaugeDetailViewController.h; sourceTree = "<group>"; };
		2F178D4214F5FE30006CFDF7 /* GaugeDetailViewController.m */ = {isa = PBXFileReference; fileEncoding = 4; lastKnownFileType = sourcecode.c.objc; path = GaugeDetailViewController.m; sourceTree = "<group>"; };
		2F178D4514F600D3006CFDF7 /* GaugeCell.h */ = {isa = PBXFileReference; fileEncoding = 4; lastKnownFileType = sourcecode.c.h; path = GaugeCell.h; sourceTree = "<group>"; };
		2F178D4614F600D3006CFDF7 /* GaugeCell.m */ = {isa = PBXFileReference; fileEncoding = 4; lastKnownFileType = sourcecode.c.objc; path = GaugeCell.m; sourceTree = "<group>"; };
		2F178D4C14F60939006CFDF7 /* table_cell_bg.png */ = {isa = PBXFileReference; lastKnownFileType = image.png; path = table_cell_bg.png; sourceTree = "<group>"; };
		2F178D4D14F60939006CFDF7 /* table_cell_bg@2x.png */ = {isa = PBXFileReference; lastKnownFileType = image.png; path = "table_cell_bg@2x.png"; sourceTree = "<group>"; };
		2F178D5514F60CF7006CFDF7 /* nav_bar_bg.png */ = {isa = PBXFileReference; lastKnownFileType = image.png; path = nav_bar_bg.png; sourceTree = "<group>"; };
		2F178D5614F60CF7006CFDF7 /* nav_bar_bg@2x.png */ = {isa = PBXFileReference; lastKnownFileType = image.png; path = "nav_bar_bg@2x.png"; sourceTree = "<group>"; };
		2F178D5914F60E73006CFDF7 /* black_linen_v2.png */ = {isa = PBXFileReference; lastKnownFileType = image.png; path = black_linen_v2.png; sourceTree = "<group>"; };
		2F178D5A14F60E73006CFDF7 /* black_linen_v2@2x.png */ = {isa = PBXFileReference; lastKnownFileType = image.png; path = "black_linen_v2@2x.png"; sourceTree = "<group>"; };
		2F178D5D14F60F6D006CFDF7 /* tab_button_content_active.png */ = {isa = PBXFileReference; lastKnownFileType = image.png; path = tab_button_content_active.png; sourceTree = "<group>"; };
		2F178D5E14F60F6D006CFDF7 /* tab_button_content_active@2x.png */ = {isa = PBXFileReference; lastKnownFileType = image.png; path = "tab_button_content_active@2x.png"; sourceTree = "<group>"; };
		2F178D5F14F60F6D006CFDF7 /* tab_button_content.png */ = {isa = PBXFileReference; lastKnownFileType = image.png; path = tab_button_content.png; sourceTree = "<group>"; };
		2F178D6014F60F6D006CFDF7 /* tab_button_content@2x.png */ = {isa = PBXFileReference; lastKnownFileType = image.png; path = "tab_button_content@2x.png"; sourceTree = "<group>"; };
		2F178D6114F60F6D006CFDF7 /* tab_button_referrers_active.png */ = {isa = PBXFileReference; lastKnownFileType = image.png; path = tab_button_referrers_active.png; sourceTree = "<group>"; };
		2F178D6214F60F6D006CFDF7 /* tab_button_referrers_active@2x.png */ = {isa = PBXFileReference; lastKnownFileType = image.png; path = "tab_button_referrers_active@2x.png"; sourceTree = "<group>"; };
		2F178D6314F60F6D006CFDF7 /* tab_button_referrers.png */ = {isa = PBXFileReference; lastKnownFileType = image.png; path = tab_button_referrers.png; sourceTree = "<group>"; };
		2F178D6414F60F6D006CFDF7 /* tab_button_referrers@2x.png */ = {isa = PBXFileReference; lastKnownFileType = image.png; path = "tab_button_referrers@2x.png"; sourceTree = "<group>"; };
		2F178D6514F60F6D006CFDF7 /* tab_button_traffic_active.png */ = {isa = PBXFileReference; lastKnownFileType = image.png; path = tab_button_traffic_active.png; sourceTree = "<group>"; };
		2F178D6614F60F6D006CFDF7 /* tab_button_traffic_active@2x.png */ = {isa = PBXFileReference; lastKnownFileType = image.png; path = "tab_button_traffic_active@2x.png"; sourceTree = "<group>"; };
		2F178D6714F60F6E006CFDF7 /* tab_button_traffic.png */ = {isa = PBXFileReference; lastKnownFileType = image.png; path = tab_button_traffic.png; sourceTree = "<group>"; };
		2F178D6814F60F6E006CFDF7 /* tab_button_traffic@2x.png */ = {isa = PBXFileReference; lastKnownFileType = image.png; path = "tab_button_traffic@2x.png"; sourceTree = "<group>"; };
		2F178D7514F6108A006CFDF7 /* indicator.png */ = {isa = PBXFileReference; lastKnownFileType = image.png; path = indicator.png; sourceTree = "<group>"; };
		2F178D7614F6108A006CFDF7 /* indicator@2x.png */ = {isa = PBXFileReference; lastKnownFileType = image.png; path = "indicator@2x.png"; sourceTree = "<group>"; };
		2F178D7914F61237006CFDF7 /* blue@2x.png */ = {isa = PBXFileReference; lastKnownFileType = image.png; path = "blue@2x.png"; sourceTree = "<group>"; };
		2F178D7B14F6123E006CFDF7 /* shadow_bottom@2x.png */ = {isa = PBXFileReference; lastKnownFileType = image.png; path = "shadow_bottom@2x.png"; sourceTree = "<group>"; };
		2F178D7D14F6172C006CFDF7 /* white.png */ = {isa = PBXFileReference; lastKnownFileType = image.png; path = white.png; sourceTree = "<group>"; };
		2F178D7E14F6172C006CFDF7 /* white@2x.png */ = {isa = PBXFileReference; lastKnownFileType = image.png; path = "white@2x.png"; sourceTree = "<group>"; };
		2FAB9D9B150AEF5B005D8D2F /* ReferrerCell.h */ = {isa = PBXFileReference; fileEncoding = 4; lastKnownFileType = sourcecode.c.h; path = ReferrerCell.h; sourceTree = "<group>"; };
		2FAB9D9C150AEF5B005D8D2F /* ReferrerCell.m */ = {isa = PBXFileReference; fileEncoding = 4; lastKnownFileType = sourcecode.c.objc; path = ReferrerCell.m; sourceTree = "<group>"; };
		2FAB9DA3150AF330005D8D2F /* icon_back@2x.png */ = {isa = PBXFileReference; lastKnownFileType = image.png; path = "icon_back@2x.png"; sourceTree = "<group>"; };
		2FAB9DA4150AF330005D8D2F /* icon_forward_active@2x.png */ = {isa = PBXFileReference; lastKnownFileType = image.png; path = "icon_forward_active@2x.png"; sourceTree = "<group>"; };
		2FAB9DA5150AF330005D8D2F /* icon_forward@2x.png */ = {isa = PBXFileReference; lastKnownFileType = image.png; path = "icon_forward@2x.png"; sourceTree = "<group>"; };
		2FAB9DA6150AF330005D8D2F /* icon_safari_active@2x.png */ = {isa = PBXFileReference; lastKnownFileType = image.png; path = "icon_safari_active@2x.png"; sourceTree = "<group>"; };
		2FAB9DA7150AF330005D8D2F /* icon_safari@2x.png */ = {isa = PBXFileReference; lastKnownFileType = image.png; path = "icon_safari@2x.png"; sourceTree = "<group>"; };
		2FAB9DAE150AF366005D8D2F /* toolbar.png */ = {isa = PBXFileReference; lastKnownFileType = image.png; path = toolbar.png; sourceTree = "<group>"; };
		2FAB9DAF150AF366005D8D2F /* toolbar@2x.png */ = {isa = PBXFileReference; lastKnownFileType = image.png; path = "toolbar@2x.png"; sourceTree = "<group>"; };
		2FAB9DB2150AF43C005D8D2F /* icon_back_active@2x.png */ = {isa = PBXFileReference; lastKnownFileType = image.png; path = "icon_back_active@2x.png"; sourceTree = "<group>"; };
		2FAB9DB4150AF4BF005D8D2F /* WebViewController.h */ = {isa = PBXFileReference; fileEncoding = 4; lastKnownFileType = sourcecode.c.h; path = WebViewController.h; sourceTree = "<group>"; };
		2FAB9DB5150AF4BF005D8D2F /* WebViewController.m */ = {isa = PBXFileReference; fileEncoding = 4; lastKnownFileType = sourcecode.c.objc; path = WebViewController.m; sourceTree = "<group>"; };
		2FB78BEC1509C8D60049AF6C /* TableManager.h */ = {isa = PBXFileReference; fileEncoding = 4; lastKnownFileType = sourcecode.c.h; path = TableManager.h; sourceTree = "<group>"; };
		2FB78BED1509C8D60049AF6C /* TableManager.m */ = {isa = PBXFileReference; fileEncoding = 4; lastKnownFileType = sourcecode.c.objc; path = TableManager.m; sourceTree = "<group>"; };
		2FB78BEF1509C9700049AF6C /* TrafficTableManager.h */ = {isa = PBXFileReference; fileEncoding = 4; lastKnownFileType = sourcecode.c.h; path = TrafficTableManager.h; sourceTree = "<group>"; };
		2FB78BF01509C9700049AF6C /* TrafficTableManager.m */ = {isa = PBXFileReference; fileEncoding = 4; lastKnownFileType = sourcecode.c.objc; path = TrafficTableManager.m; sourceTree = "<group>"; };
		2FB78BF21509CECC0049AF6C /* ContentTableManager.h */ = {isa = PBXFileReference; fileEncoding = 4; lastKnownFileType = sourcecode.c.h; path = ContentTableManager.h; sourceTree = "<group>"; };
		2FB78BF31509CECC0049AF6C /* ContentTableManager.m */ = {isa = PBXFileReference; fileEncoding = 4; lastKnownFileType = sourcecode.c.objc; path = ContentTableManager.m; sourceTree = "<group>"; };
		2FB78BF51509D6860049AF6C /* PageContentCell.h */ = {isa = PBXFileReference; fileEncoding = 4; lastKnownFileType = sourcecode.c.h; path = PageContentCell.h; sourceTree = "<group>"; };
		2FB78BF61509D6860049AF6C /* PageContentCell.m */ = {isa = PBXFileReference; fileEncoding = 4; lastKnownFileType = sourcecode.c.objc; path = PageContentCell.m; sourceTree = "<group>"; };
		2FB78BFC1509DA230049AF6C /* ReferrersTableManager.h */ = {isa = PBXFileReference; fileEncoding = 4; lastKnownFileType = sourcecode.c.h; path = ReferrersTableManager.h; sourceTree = "<group>"; };
		2FB78BFD1509DA230049AF6C /* ReferrersTableManager.m */ = {isa = PBXFileReference; fileEncoding = 4; lastKnownFileType = sourcecode.c.objc; path = ReferrersTableManager.m; sourceTree = "<group>"; };
		2FB78C001509DB140049AF6C /* Referrer.h */ = {isa = PBXFileReference; fileEncoding = 4; lastKnownFileType = sourcecode.c.h; path = Referrer.h; sourceTree = "<group>"; };
		2FB78C011509DB140049AF6C /* Referrer.m */ = {isa = PBXFileReference; fileEncoding = 4; lastKnownFileType = sourcecode.c.objc; path = Referrer.m; sourceTree = "<group>"; };
		2FB881E714F7304C0092310C /* TrafficBarGraph.h */ = {isa = PBXFileReference; fileEncoding = 4; lastKnownFileType = sourcecode.c.h; path = TrafficBarGraph.h; sourceTree = "<group>"; };
		2FB881E814F7304C0092310C /* TrafficBarGraph.m */ = {isa = PBXFileReference; fileEncoding = 4; lastKnownFileType = sourcecode.c.objc; path = TrafficBarGraph.m; sourceTree = "<group>"; };
		2FE34E481508468200FA0B58 /* TrafficCell.h */ = {isa = PBXFileReference; fileEncoding = 4; lastKnownFileType = sourcecode.c.h; path = TrafficCell.h; sourceTree = "<group>"; };
		2FE34E491508468200FA0B58 /* TrafficCell.m */ = {isa = PBXFileReference; fileEncoding = 4; lastKnownFileType = sourcecode.c.objc; path = TrafficCell.m; sourceTree = "<group>"; };
		2FE34E4D15084C9A00FA0B58 /* NSDateFormatter+Additions.h */ = {isa = PBXFileReference; fileEncoding = 4; lastKnownFileType = sourcecode.c.h; path = "NSDateFormatter+Additions.h"; sourceTree = "<group>"; };
		2FE34E4E15084C9A00FA0B58 /* NSDateFormatter+Additions.m */ = {isa = PBXFileReference; fileEncoding = 4; lastKnownFileType = sourcecode.c.objc; path = "NSDateFormatter+Additions.m"; sourceTree = "<group>"; };
		2FE34E5415085C7500FA0B58 /* PageContent.h */ = {isa = PBXFileReference; fileEncoding = 4; lastKnownFileType = sourcecode.c.h; path = PageContent.h; sourceTree = "<group>"; };
		2FE34E5515085C7500FA0B58 /* PageContent.m */ = {isa = PBXFileReference; fileEncoding = 4; lastKnownFileType = sourcecode.c.objc; path = PageContent.m; sourceTree = "<group>"; };
/* End PBXFileReference section */

/* Begin PBXFrameworksBuildPhase section */
		2F178CEC14F5E207006CFDF7 /* Frameworks */ = {
			isa = PBXFrameworksBuildPhase;
			buildActionMask = 2147483647;
			files = (
				2F178CF414F5E207006CFDF7 /* UIKit.framework in Frameworks */,
				2F178CF614F5E207006CFDF7 /* Foundation.framework in Frameworks */,
				2F178CF814F5E207006CFDF7 /* CoreGraphics.framework in Frameworks */,
			);
			runOnlyForDeploymentPostprocessing = 0;
		};
/* End PBXFrameworksBuildPhase section */

/* Begin PBXGroup section */
		2F178CE414F5E207006CFDF7 = {
			isa = PBXGroup;
			children = (
				2F178D1314F5E259006CFDF7 /* Classes */,
				2F178D1D14F5E25E006CFDF7 /* Resources */,
				2F178D2414F5E264006CFDF7 /* Supporting Files */,
				2F178CF214F5E207006CFDF7 /* Frameworks */,
				2F178CF014F5E207006CFDF7 /* Products */,
			);
			sourceTree = "<group>";
		};
		2F178CF014F5E207006CFDF7 /* Products */ = {
			isa = PBXGroup;
			children = (
				2F178CEF14F5E207006CFDF7 /* GaugesTouch.app */,
			);
			name = Products;
			sourceTree = "<group>";
		};
		2F178CF214F5E207006CFDF7 /* Frameworks */ = {
			isa = PBXGroup;
			children = (
				2F178CF314F5E207006CFDF7 /* UIKit.framework */,
				2F178CF514F5E207006CFDF7 /* Foundation.framework */,
				2F178CF714F5E207006CFDF7 /* CoreGraphics.framework */,
			);
			name = Frameworks;
			sourceTree = "<group>";
		};
		2F178D1314F5E259006CFDF7 /* Classes */ = {
			isa = PBXGroup;
			children = (
				2F178D1414F5E259006CFDF7 /* AppDelegate.h */,
				2F178D1514F5E259006CFDF7 /* AppDelegate.m */,
				2F178D3614F5F1B1006CFDF7 /* Controllers */,
				2F178D2A14F5E811006CFDF7 /* Models */,
				2FE34E4C15084C8500FA0B58 /* Utility */,
				2F178D4414F600AF006CFDF7 /* Views */,
			);
			path = Classes;
			sourceTree = "<group>";
		};
		2F178D1D14F5E25E006CFDF7 /* Resources */ = {
			isa = PBXGroup;
			children = (
				2F178D1E14F5E25E006CFDF7 /* InfoPlist.strings */,
				2F178D2014F5E25E006CFDF7 /* MainStoryboard.storyboard */,
				2F178D3A14F5F65A006CFDF7 /* Images */,
			);
			path = Resources;
			sourceTree = "<group>";
		};
		2F178D2414F5E264006CFDF7 /* Supporting Files */ = {
			isa = PBXGroup;
			children = (
				2F178D2514F5E274006CFDF7 /* GaugesTouch-Info.plist */,
				2F178D2614F5E274006CFDF7 /* GaugesTouch-Prefix.pch */,
				2F178D2714F5E274006CFDF7 /* main.m */,
			);
			name = "Supporting Files";
			sourceTree = "<group>";
		};
		2F178D2A14F5E811006CFDF7 /* Models */ = {
			isa = PBXGroup;
			children = (
				2F178D2B14F5E81F006CFDF7 /* Gauge.h */,
				2F178D2C14F5E81F006CFDF7 /* Gauge.m */,
				2F178D2E14F5EB8C006CFDF7 /* DatedViewSummary.h */,
				2F178D2F14F5EB8C006CFDF7 /* DatedViewSummary.m */,
				2FE34E5415085C7500FA0B58 /* PageContent.h */,
				2FE34E5515085C7500FA0B58 /* PageContent.m */,
				2FB78C001509DB140049AF6C /* Referrer.h */,
				2FB78C011509DB140049AF6C /* Referrer.m */,
			);
			path = Models;
			sourceTree = "<group>";
		};
		2F178D3614F5F1B1006CFDF7 /* Controllers */ = {
			isa = PBXGroup;
			children = (
				2F178D3714F5F1B1006CFDF7 /* GaugesListViewController.h */,
				2F178D3814F5F1B1006CFDF7 /* GaugesListViewController.m */,
				2F178D4114F5FE30006CFDF7 /* GaugeDetailViewController.h */,
				2F178D4214F5FE30006CFDF7 /* GaugeDetailViewController.m */,
				2FB78BEA1509C8B30049AF6C /* Table Managers */,
				2FAB9DB4150AF4BF005D8D2F /* WebViewController.h */,
				2FAB9DB5150AF4BF005D8D2F /* WebViewController.m */,
			);
			path = Controllers;
			sourceTree = "<group>";
		};
		2F178D3A14F5F65A006CFDF7 /* Images */ = {
			isa = PBXGroup;
			children = (
				2F178D5914F60E73006CFDF7 /* black_linen_v2.png */,
				2F178D5A14F60E73006CFDF7 /* black_linen_v2@2x.png */,
				2F178D7914F61237006CFDF7 /* blue@2x.png */,
				2FAB9DB2150AF43C005D8D2F /* icon_back_active@2x.png */,
				2FAB9DA3150AF330005D8D2F /* icon_back@2x.png */,
				2FAB9DA4150AF330005D8D2F /* icon_forward_active@2x.png */,
				2FAB9DA5150AF330005D8D2F /* icon_forward@2x.png */,
				2FAB9DA6150AF330005D8D2F /* icon_safari_active@2x.png */,
				2FAB9DA7150AF330005D8D2F /* icon_safari@2x.png */,
				2F178D7514F6108A006CFDF7 /* indicator.png */,
				2F178D7614F6108A006CFDF7 /* indicator@2x.png */,
				2F178D5514F60CF7006CFDF7 /* nav_bar_bg.png */,
				2F178D5614F60CF7006CFDF7 /* nav_bar_bg@2x.png */,
				2F178D7B14F6123E006CFDF7 /* shadow_bottom@2x.png */,
				2F178D5D14F60F6D006CFDF7 /* tab_button_content_active.png */,
				2F178D5E14F60F6D006CFDF7 /* tab_button_content_active@2x.png */,
				2F178D5F14F60F6D006CFDF7 /* tab_button_content.png */,
				2F178D6014F60F6D006CFDF7 /* tab_button_content@2x.png */,
				2F178D6114F60F6D006CFDF7 /* tab_button_referrers_active.png */,
				2F178D6214F60F6D006CFDF7 /* tab_button_referrers_active@2x.png */,
				2F178D6314F60F6D006CFDF7 /* tab_button_referrers.png */,
				2F178D6414F60F6D006CFDF7 /* tab_button_referrers@2x.png */,
				2F178D6514F60F6D006CFDF7 /* tab_button_traffic_active.png */,
				2F178D6614F60F6D006CFDF7 /* tab_button_traffic_active@2x.png */,
				2F178D6714F60F6E006CFDF7 /* tab_button_traffic.png */,
				2F178D6814F60F6E006CFDF7 /* tab_button_traffic@2x.png */,
				2F178D4C14F60939006CFDF7 /* table_cell_bg.png */,
				2F178D4D14F60939006CFDF7 /* table_cell_bg@2x.png */,
				2FAB9DAE150AF366005D8D2F /* toolbar.png */,
				2FAB9DAF150AF366005D8D2F /* toolbar@2x.png */,
				2F178D7D14F6172C006CFDF7 /* white.png */,
				2F178D7E14F6172C006CFDF7 /* white@2x.png */,
			);
			path = Images;
			sourceTree = "<group>";
		};
		2F178D4414F600AF006CFDF7 /* Views */ = {
			isa = PBXGroup;
			children = (
				2F178D4514F600D3006CFDF7 /* GaugeCell.h */,
				2F178D4614F600D3006CFDF7 /* GaugeCell.m */,
				2FB78BF51509D6860049AF6C /* PageContentCell.h */,
				2FB78BF61509D6860049AF6C /* PageContentCell.m */,
				2FAB9D9B150AEF5B005D8D2F /* ReferrerCell.h */,
				2FAB9D9C150AEF5B005D8D2F /* ReferrerCell.m */,
				2FB881E714F7304C0092310C /* TrafficBarGraph.h */,
				2FB881E814F7304C0092310C /* TrafficBarGraph.m */,
				2FE34E481508468200FA0B58 /* TrafficCell.h */,
				2FE34E491508468200FA0B58 /* TrafficCell.m */,
			);
			path = Views;
			sourceTree = "<group>";
		};
		2FB78BEA1509C8B30049AF6C /* Table Managers */ = {
			isa = PBXGroup;
			children = (
				2FB78BEC1509C8D60049AF6C /* TableManager.h */,
				2FB78BED1509C8D60049AF6C /* TableManager.m */,
				2FB78BEF1509C9700049AF6C /* TrafficTableManager.h */,
				2FB78BF01509C9700049AF6C /* TrafficTableManager.m */,
				2FB78BF21509CECC0049AF6C /* ContentTableManager.h */,
				2FB78BF31509CECC0049AF6C /* ContentTableManager.m */,
				2FB78BFC1509DA230049AF6C /* ReferrersTableManager.h */,
				2FB78BFD1509DA230049AF6C /* ReferrersTableManager.m */,
			);
			path = "Table Managers";
			sourceTree = "<group>";
		};
		2FE34E4C15084C8500FA0B58 /* Utility */ = {
			isa = PBXGroup;
			children = (
				2FE34E4D15084C9A00FA0B58 /* NSDateFormatter+Additions.h */,
				2FE34E4E15084C9A00FA0B58 /* NSDateFormatter+Additions.m */,
			);
			path = Utility;
			sourceTree = "<group>";
		};
/* End PBXGroup section */

/* Begin PBXNativeTarget section */
		2F178CEE14F5E207006CFDF7 /* GaugesTouch */ = {
			isa = PBXNativeTarget;
			buildConfigurationList = 2F178D1014F5E207006CFDF7 /* Build configuration list for PBXNativeTarget "GaugesTouch" */;
			buildPhases = (
				2F178CEB14F5E207006CFDF7 /* Sources */,
				2F178CEC14F5E207006CFDF7 /* Frameworks */,
				2F178CED14F5E207006CFDF7 /* Resources */,
			);
			buildRules = (
			);
			dependencies = (
			);
			name = GaugesTouch;
			productName = GaugesTouch;
			productReference = 2F178CEF14F5E207006CFDF7 /* GaugesTouch.app */;
			productType = "com.apple.product-type.application";
		};
/* End PBXNativeTarget section */

/* Begin PBXProject section */
		2F178CE614F5E207006CFDF7 /* Project object */ = {
			isa = PBXProject;
			attributes = {
				LastUpgradeCheck = 0420;
				ORGANIZATIONNAME = "Tyler Stromberg";
			};
			buildConfigurationList = 2F178CE914F5E207006CFDF7 /* Build configuration list for PBXProject "GaugesTouch" */;
			compatibilityVersion = "Xcode 3.2";
			developmentRegion = English;
			hasScannedForEncodings = 0;
			knownRegions = (
				en,
			);
			mainGroup = 2F178CE414F5E207006CFDF7;
			productRefGroup = 2F178CF014F5E207006CFDF7 /* Products */;
			projectDirPath = "";
			projectRoot = "";
			targets = (
				2F178CEE14F5E207006CFDF7 /* GaugesTouch */,
			);
		};
/* End PBXProject section */

/* Begin PBXResourcesBuildPhase section */
		2F178CED14F5E207006CFDF7 /* Resources */ = {
			isa = PBXResourcesBuildPhase;
			buildActionMask = 2147483647;
			files = (
				2F178D2214F5E25E006CFDF7 /* InfoPlist.strings in Resources */,
				2F178D2314F5E25E006CFDF7 /* MainStoryboard.storyboard in Resources */,
				2F178D4E14F60939006CFDF7 /* table_cell_bg.png in Resources */,
				2F178D4F14F60939006CFDF7 /* table_cell_bg@2x.png in Resources */,
				2F178D5714F60CF7006CFDF7 /* nav_bar_bg.png in Resources */,
				2F178D5814F60CF7006CFDF7 /* nav_bar_bg@2x.png in Resources */,
				2F178D5B14F60E73006CFDF7 /* black_linen_v2.png in Resources */,
				2F178D5C14F60E73006CFDF7 /* black_linen_v2@2x.png in Resources */,
				2F178D6914F60F6E006CFDF7 /* tab_button_content_active.png in Resources */,
				2F178D6A14F60F6E006CFDF7 /* tab_button_content_active@2x.png in Resources */,
				2F178D6B14F60F6E006CFDF7 /* tab_button_content.png in Resources */,
				2F178D6C14F60F6E006CFDF7 /* tab_button_content@2x.png in Resources */,
				2F178D6D14F60F6E006CFDF7 /* tab_button_referrers_active.png in Resources */,
				2F178D6E14F60F6E006CFDF7 /* tab_button_referrers_active@2x.png in Resources */,
				2F178D6F14F60F6E006CFDF7 /* tab_button_referrers.png in Resources */,
				2F178D7014F60F6E006CFDF7 /* tab_button_referrers@2x.png in Resources */,
				2F178D7114F60F6E006CFDF7 /* tab_button_traffic_active.png in Resources */,
				2F178D7214F60F6E006CFDF7 /* tab_button_traffic_active@2x.png in Resources */,
				2F178D7314F60F6E006CFDF7 /* tab_button_traffic.png in Resources */,
				2F178D7414F60F6E006CFDF7 /* tab_button_traffic@2x.png in Resources */,
				2F178D7714F6108A006CFDF7 /* indicator.png in Resources */,
				2F178D7814F6108A006CFDF7 /* indicator@2x.png in Resources */,
				2F178D7A14F61237006CFDF7 /* blue@2x.png in Resources */,
				2F178D7C14F6123E006CFDF7 /* shadow_bottom@2x.png in Resources */,
				2F178D7F14F6172C006CFDF7 /* white.png in Resources */,
				2F178D8014F6172C006CFDF7 /* white@2x.png in Resources */,
				2FAB9DA8150AF330005D8D2F /* icon_back@2x.png in Resources */,
				2FAB9DA9150AF330005D8D2F /* icon_forward_active@2x.png in Resources */,
				2FAB9DAA150AF330005D8D2F /* icon_forward@2x.png in Resources */,
				2FAB9DAB150AF330005D8D2F /* icon_safari_active@2x.png in Resources */,
				2FAB9DAC150AF330005D8D2F /* icon_safari@2x.png in Resources */,
				2FAB9DB0150AF366005D8D2F /* toolbar.png in Resources */,
				2FAB9DB1150AF366005D8D2F /* toolbar@2x.png in Resources */,
				2FAB9DB3150AF43C005D8D2F /* icon_back_active@2x.png in Resources */,
			);
			runOnlyForDeploymentPostprocessing = 0;
		};
/* End PBXResourcesBuildPhase section */

/* Begin PBXSourcesBuildPhase section */
		2F178CEB14F5E207006CFDF7 /* Sources */ = {
			isa = PBXSourcesBuildPhase;
			buildActionMask = 2147483647;
			files = (
				2F178D1A14F5E25A006CFDF7 /* AppDelegate.m in Sources */,
				2F178D2914F5E274006CFDF7 /* main.m in Sources */,
				2F178D2D14F5E81F006CFDF7 /* Gauge.m in Sources */,
				2F178D3014F5EB8C006CFDF7 /* DatedViewSummary.m in Sources */,
				2F178D3914F5F1B1006CFDF7 /* GaugesListViewController.m in Sources */,
				2F178D4314F5FE30006CFDF7 /* GaugeDetailViewController.m in Sources */,
				2F178D4714F600D3006CFDF7 /* GaugeCell.m in Sources */,
				2FB881E914F7304C0092310C /* TrafficBarGraph.m in Sources */,
				2FE34E4A1508468200FA0B58 /* TrafficCell.m in Sources */,
				2FE34E4F15084C9A00FA0B58 /* NSDateFormatter+Additions.m in Sources */,
				2FE34E5615085C7500FA0B58 /* PageContent.m in Sources */,
				2FB78BEE1509C8D60049AF6C /* TableManager.m in Sources */,
				2FB78BF11509C9700049AF6C /* TrafficTableManager.m in Sources */,
				2FB78BF41509CECC0049AF6C /* ContentTableManager.m in Sources */,
				2FB78BF71509D6860049AF6C /* PageContentCell.m in Sources */,
				2FB78BFE1509DA230049AF6C /* ReferrersTableManager.m in Sources */,
				2FB78C021509DB140049AF6C /* Referrer.m in Sources */,
				2FAB9D9D150AEF5B005D8D2F /* ReferrerCell.m in Sources */,
				2FAB9DB6150AF4BF005D8D2F /* WebViewController.m in Sources */,
			);
			runOnlyForDeploymentPostprocessing = 0;
		};
/* End PBXSourcesBuildPhase section */

/* Begin PBXVariantGroup section */
		2F178D1E14F5E25E006CFDF7 /* InfoPlist.strings */ = {
			isa = PBXVariantGroup;
			children = (
				2F178D1F14F5E25E006CFDF7 /* en */,
			);
			name = InfoPlist.strings;
			sourceTree = "<group>";
		};
		2F178D2014F5E25E006CFDF7 /* MainStoryboard.storyboard */ = {
			isa = PBXVariantGroup;
			children = (
				2F178D2114F5E25E006CFDF7 /* en */,
			);
			name = MainStoryboard.storyboard;
			sourceTree = "<group>";
		};
/* End PBXVariantGroup section */

/* Begin XCBuildConfiguration section */
		2F178D0E14F5E207006CFDF7 /* Debug */ = {
			isa = XCBuildConfiguration;
			buildSettings = {
				ALWAYS_SEARCH_USER_PATHS = NO;
				ARCHS = "$(ARCHS_STANDARD_32_BIT)";
				CLANG_ENABLE_OBJC_ARC = YES;
				"CODE_SIGN_IDENTITY[sdk=iphoneos*]" = "iPhone Developer";
				COPY_PHASE_STRIP = NO;
				GCC_C_LANGUAGE_STANDARD = gnu99;
				GCC_DYNAMIC_NO_PIC = NO;
				GCC_OPTIMIZATION_LEVEL = 0;
				GCC_PREPROCESSOR_DEFINITIONS = (
					"DEBUG=1",
					"$(inherited)",
				);
				GCC_SYMBOLS_PRIVATE_EXTERN = NO;
				GCC_VERSION = com.apple.compilers.llvm.clang.1_0;
				GCC_WARN_ABOUT_MISSING_PROTOTYPES = YES;
				GCC_WARN_ABOUT_RETURN_TYPE = YES;
				GCC_WARN_UNUSED_VARIABLE = YES;
				IPHONEOS_DEPLOYMENT_TARGET = 5.0;
				SDKROOT = iphoneos;
			};
			name = Debug;
		};
		2F178D0F14F5E207006CFDF7 /* Release */ = {
			isa = XCBuildConfiguration;
			buildSettings = {
				ALWAYS_SEARCH_USER_PATHS = NO;
				ARCHS = "$(ARCHS_STANDARD_32_BIT)";
				CLANG_ENABLE_OBJC_ARC = YES;
				"CODE_SIGN_IDENTITY[sdk=iphoneos*]" = "iPhone Developer";
				COPY_PHASE_STRIP = YES;
				GCC_C_LANGUAGE_STANDARD = gnu99;
				GCC_VERSION = com.apple.compilers.llvm.clang.1_0;
				GCC_WARN_ABOUT_MISSING_PROTOTYPES = YES;
				GCC_WARN_ABOUT_RETURN_TYPE = YES;
				GCC_WARN_UNUSED_VARIABLE = YES;
				IPHONEOS_DEPLOYMENT_TARGET = 5.0;
				OTHER_CFLAGS = "-DNS_BLOCK_ASSERTIONS=1";
				SDKROOT = iphoneos;
				VALIDATE_PRODUCT = YES;
			};
			name = Release;
		};
		2F178D1114F5E207006CFDF7 /* Debug */ = {
			isa = XCBuildConfiguration;
			buildSettings = {
				GCC_PRECOMPILE_PREFIX_HEADER = YES;
				GCC_PREFIX_HEADER = "GaugesTouch-Prefix.pch";
				INFOPLIST_FILE = "GaugesTouch-Info.plist";
				PRODUCT_NAME = "$(TARGET_NAME)";
				WRAPPER_EXTENSION = app;
			};
			name = Debug;
		};
		2F178D1214F5E207006CFDF7 /* Release */ = {
			isa = XCBuildConfiguration;
			buildSettings = {
				GCC_PRECOMPILE_PREFIX_HEADER = YES;
				GCC_PREFIX_HEADER = "GaugesTouch-Prefix.pch";
				INFOPLIST_FILE = "GaugesTouch-Info.plist";
				PRODUCT_NAME = "$(TARGET_NAME)";
				WRAPPER_EXTENSION = app;
			};
			name = Release;
		};
/* End XCBuildConfiguration section */

/* Begin XCConfigurationList section */
		2F178CE914F5E207006CFDF7 /* Build configuration list for PBXProject "GaugesTouch" */ = {
			isa = XCConfigurationList;
			buildConfigurations = (
				2F178D0E14F5E207006CFDF7 /* Debug */,
				2F178D0F14F5E207006CFDF7 /* Release */,
			);
			defaultConfigurationIsVisible = 0;
			defaultConfigurationName = Release;
		};
		2F178D1014F5E207006CFDF7 /* Build configuration list for PBXNativeTarget "GaugesTouch" */ = {
			isa = XCConfigurationList;
			buildConfigurations = (
				2F178D1114F5E207006CFDF7 /* Debug */,
				2F178D1214F5E207006CFDF7 /* Release */,
			);
			defaultConfigurationIsVisible = 0;
			defaultConfigurationName = Release;
		};
/* End XCConfigurationList section */
	};
	rootObject = 2F178CE614F5E207006CFDF7 /* Project object */;
}
